// !$*UTF8*$!
{
	archiveVersion = 1;
	classes = {
	};
	objectVersion = 46;
	objects = {

/* Begin PBXBuildFile section */
		E117A73B1C80AAFB00B00A28 /* AppDelegate.swift in Sources */ = {isa = PBXBuildFile; fileRef = E117A73A1C80AAFB00B00A28 /* AppDelegate.swift */; };
		E117A73D1C80AAFB00B00A28 /* ViewController.swift in Sources */ = {isa = PBXBuildFile; fileRef = E117A73C1C80AAFB00B00A28 /* ViewController.swift */; };
		E117A7401C80AAFB00B00A28 /* Main.storyboard in Resources */ = {isa = PBXBuildFile; fileRef = E117A73E1C80AAFB00B00A28 /* Main.storyboard */; };
		E117A7421C80AAFB00B00A28 /* Assets.xcassets in Resources */ = {isa = PBXBuildFile; fileRef = E117A7411C80AAFB00B00A28 /* Assets.xcassets */; };
		E117A7451C80AAFB00B00A28 /* LaunchScreen.storyboard in Resources */ = {isa = PBXBuildFile; fileRef = E117A7431C80AAFB00B00A28 /* LaunchScreen.storyboard */; };
		E117A7501C80AAFB00B00A28 /* FormularioUITests.swift in Sources */ = {isa = PBXBuildFile; fileRef = E117A74F1C80AAFB00B00A28 /* FormularioUITests.swift */; };
		E16291591C849B4B00FECC90 /* Formulario.h in Headers */ = {isa = PBXBuildFile; fileRef = E16291581C849B4B00FECC90 /* Formulario.h */; settings = {ATTRIBUTES = (Public, ); }; };
		E16291631C849B7F00FECC90 /* Formulario.swift in Sources */ = {isa = PBXBuildFile; fileRef = E1DEA9C51C843636001D0DF0 /* Formulario.swift */; };
		E16291661C84A6A300FECC90 /* Formulario.framework in Frameworks */ = {isa = PBXBuildFile; fileRef = E16291561C849B4B00FECC90 /* Formulario.framework */; };
		E162916B1C84A74600FECC90 /* Formulario.framework in Embed Frameworks */ = {isa = PBXBuildFile; fileRef = E16291561C849B4B00FECC90 /* Formulario.framework */; settings = {ATTRIBUTES = (CodeSignOnCopy, RemoveHeadersOnCopy, ); }; };
		E1DEA9C41C843390001D0DF0 /* ViewController2.swift in Sources */ = {isa = PBXBuildFile; fileRef = E1DEA9C31C843390001D0DF0 /* ViewController2.swift */; };
		E1DEA9C91C8438BE001D0DF0 /* CustomCell.swift in Sources */ = {isa = PBXBuildFile; fileRef = E1DEA9C81C8438BE001D0DF0 /* CustomCell.swift */; };
/* End PBXBuildFile section */

/* Begin PBXContainerItemProxy section */
		E117A74C1C80AAFB00B00A28 /* PBXContainerItemProxy */ = {
			isa = PBXContainerItemProxy;
			containerPortal = E117A72F1C80AAFB00B00A28 /* Project object */;
			proxyType = 1;
			remoteGlobalIDString = E117A7361C80AAFB00B00A28;
			remoteInfo = Formulario;
		};
		E16291671C84A6B400FECC90 /* PBXContainerItemProxy */ = {
			isa = PBXContainerItemProxy;
			containerPortal = E117A72F1C80AAFB00B00A28 /* Project object */;
			proxyType = 1;
			remoteGlobalIDString = E16291551C849B4B00FECC90;
			remoteInfo = Formulario;
		};
/* End PBXContainerItemProxy section */

/* Begin PBXCopyFilesBuildPhase section */
		E162916A1C84A73A00FECC90 /* Embed Frameworks */ = {
			isa = PBXCopyFilesBuildPhase;
			buildActionMask = 2147483647;
			dstPath = "";
			dstSubfolderSpec = 10;
			files = (
				E162916B1C84A74600FECC90 /* Formulario.framework in Embed Frameworks */,
			);
			name = "Embed Frameworks";
			runOnlyForDeploymentPostprocessing = 0;
		};
/* End PBXCopyFilesBuildPhase section */

/* Begin PBXFileReference section */
		E117A7371C80AAFB00B00A28 /* Formulario-Example.app */ = {isa = PBXFileReference; explicitFileType = wrapper.application; includeInIndex = 0; path = "Formulario-Example.app"; sourceTree = BUILT_PRODUCTS_DIR; };
		E117A73A1C80AAFB00B00A28 /* AppDelegate.swift */ = {isa = PBXFileReference; lastKnownFileType = sourcecode.swift; path = AppDelegate.swift; sourceTree = "<group>"; };
		E117A73C1C80AAFB00B00A28 /* ViewController.swift */ = {isa = PBXFileReference; lastKnownFileType = sourcecode.swift; path = ViewController.swift; sourceTree = "<group>"; };
		E117A73F1C80AAFB00B00A28 /* Base */ = {isa = PBXFileReference; lastKnownFileType = file.storyboard; name = Base; path = Base.lproj/Main.storyboard; sourceTree = "<group>"; };
		E117A7411C80AAFB00B00A28 /* Assets.xcassets */ = {isa = PBXFileReference; lastKnownFileType = folder.assetcatalog; path = Assets.xcassets; sourceTree = "<group>"; };
		E117A7441C80AAFB00B00A28 /* Base */ = {isa = PBXFileReference; lastKnownFileType = file.storyboard; name = Base; path = Base.lproj/LaunchScreen.storyboard; sourceTree = "<group>"; };
		E117A7461C80AAFB00B00A28 /* Info.plist */ = {isa = PBXFileReference; lastKnownFileType = text.plist.xml; path = Info.plist; sourceTree = "<group>"; };
		E117A74B1C80AAFB00B00A28 /* FormularioUITests.xctest */ = {isa = PBXFileReference; explicitFileType = wrapper.cfbundle; includeInIndex = 0; path = FormularioUITests.xctest; sourceTree = BUILT_PRODUCTS_DIR; };
		E117A74F1C80AAFB00B00A28 /* FormularioUITests.swift */ = {isa = PBXFileReference; lastKnownFileType = sourcecode.swift; path = FormularioUITests.swift; sourceTree = "<group>"; };
		E117A7511C80AAFB00B00A28 /* Info.plist */ = {isa = PBXFileReference; lastKnownFileType = text.plist.xml; path = Info.plist; sourceTree = "<group>"; };
		E16291561C849B4B00FECC90 /* Formulario.framework */ = {isa = PBXFileReference; explicitFileType = wrapper.framework; includeInIndex = 0; path = Formulario.framework; sourceTree = BUILT_PRODUCTS_DIR; };
		E16291581C849B4B00FECC90 /* Formulario.h */ = {isa = PBXFileReference; lastKnownFileType = sourcecode.c.h; path = Formulario.h; sourceTree = "<group>"; };
		E162915A1C849B4B00FECC90 /* Info.plist */ = {isa = PBXFileReference; lastKnownFileType = text.plist.xml; path = Info.plist; sourceTree = "<group>"; };
		E1DEA9C31C843390001D0DF0 /* ViewController2.swift */ = {isa = PBXFileReference; fileEncoding = 4; lastKnownFileType = sourcecode.swift; path = ViewController2.swift; sourceTree = "<group>"; };
		E1DEA9C51C843636001D0DF0 /* Formulario.swift */ = {isa = PBXFileReference; fileEncoding = 4; lastKnownFileType = sourcecode.swift; name = Formulario.swift; path = Source/Formulario.swift; sourceTree = SOURCE_ROOT; };
		E1DEA9C81C8438BE001D0DF0 /* CustomCell.swift */ = {isa = PBXFileReference; fileEncoding = 4; lastKnownFileType = sourcecode.swift; path = CustomCell.swift; sourceTree = "<group>"; };
/* End PBXFileReference section */

/* Begin PBXFrameworksBuildPhase section */
		E117A7341C80AAFB00B00A28 /* Frameworks */ = {
			isa = PBXFrameworksBuildPhase;
			buildActionMask = 2147483647;
			files = (
				E16291661C84A6A300FECC90 /* Formulario.framework in Frameworks */,
			);
			runOnlyForDeploymentPostprocessing = 0;
		};
		E117A7481C80AAFB00B00A28 /* Frameworks */ = {
			isa = PBXFrameworksBuildPhase;
			buildActionMask = 2147483647;
			files = (
			);
			runOnlyForDeploymentPostprocessing = 0;
		};
		E16291521C849B4B00FECC90 /* Frameworks */ = {
			isa = PBXFrameworksBuildPhase;
			buildActionMask = 2147483647;
			files = (
			);
			runOnlyForDeploymentPostprocessing = 0;
		};
/* End PBXFrameworksBuildPhase section */

/* Begin PBXGroup section */
		E117A72E1C80AAFB00B00A28 = {
			isa = PBXGroup;
			children = (
				E117A7391C80AAFB00B00A28 /* Formulario */,
				E117A74E1C80AAFB00B00A28 /* FormularioUITests */,
				E16291571C849B4B00FECC90 /* Formulario */,
				E117A7381C80AAFB00B00A28 /* Products */,
			);
			sourceTree = "<group>";
		};
		E117A7381C80AAFB00B00A28 /* Products */ = {
			isa = PBXGroup;
			children = (
				E117A7371C80AAFB00B00A28 /* Formulario-Example.app */,
				E117A74B1C80AAFB00B00A28 /* FormularioUITests.xctest */,
				E16291561C849B4B00FECC90 /* Formulario.framework */,
			);
			name = Products;
			sourceTree = "<group>";
		};
		E117A7391C80AAFB00B00A28 /* Formulario */ = {
			isa = PBXGroup;
			children = (
				E117A73A1C80AAFB00B00A28 /* AppDelegate.swift */,
				E1DEA9C81C8438BE001D0DF0 /* CustomCell.swift */,
				E117A73C1C80AAFB00B00A28 /* ViewController.swift */,
				E1DEA9C31C843390001D0DF0 /* ViewController2.swift */,
				E1DEA9C71C84363A001D0DF0 /* Source */,
				E117A73E1C80AAFB00B00A28 /* Main.storyboard */,
				E117A7411C80AAFB00B00A28 /* Assets.xcassets */,
				E117A7431C80AAFB00B00A28 /* LaunchScreen.storyboard */,
				E117A7461C80AAFB00B00A28 /* Info.plist */,
			);
			path = Formulario;
			sourceTree = "<group>";
		};
		E117A74E1C80AAFB00B00A28 /* FormularioUITests */ = {
			isa = PBXGroup;
			children = (
				E117A74F1C80AAFB00B00A28 /* FormularioUITests.swift */,
				E117A7511C80AAFB00B00A28 /* Info.plist */,
			);
			path = FormularioUITests;
			sourceTree = "<group>";
		};
		E16291571C849B4B00FECC90 /* Formulario */ = {
			isa = PBXGroup;
			children = (
				E16291581C849B4B00FECC90 /* Formulario.h */,
				E162915A1C849B4B00FECC90 /* Info.plist */,
			);
			path = Formulario;
			sourceTree = "<group>";
		};
		E1DEA9C71C84363A001D0DF0 /* Source */ = {
			isa = PBXGroup;
			children = (
				E1DEA9C51C843636001D0DF0 /* Formulario.swift */,
			);
			name = Source;
			sourceTree = "<group>";
		};
/* End PBXGroup section */

/* Begin PBXHeadersBuildPhase section */
		E16291531C849B4B00FECC90 /* Headers */ = {
			isa = PBXHeadersBuildPhase;
			buildActionMask = 2147483647;
			files = (
				E16291591C849B4B00FECC90 /* Formulario.h in Headers */,
			);
			runOnlyForDeploymentPostprocessing = 0;
		};
/* End PBXHeadersBuildPhase section */

/* Begin PBXNativeTarget section */
		E117A7361C80AAFB00B00A28 /* Formulario-Example */ = {
			isa = PBXNativeTarget;
			buildConfigurationList = E117A7541C80AAFB00B00A28 /* Build configuration list for PBXNativeTarget "Formulario-Example" */;
			buildPhases = (
				E117A7331C80AAFB00B00A28 /* Sources */,
				E117A7341C80AAFB00B00A28 /* Frameworks */,
				E117A7351C80AAFB00B00A28 /* Resources */,
				E162916A1C84A73A00FECC90 /* Embed Frameworks */,
			);
			buildRules = (
			);
			dependencies = (
				E16291681C84A6B400FECC90 /* PBXTargetDependency */,
			);
			name = "Formulario-Example";
			productName = Formulario;
			productReference = E117A7371C80AAFB00B00A28 /* Formulario-Example.app */;
			productType = "com.apple.product-type.application";
		};
		E117A74A1C80AAFB00B00A28 /* FormularioUITests */ = {
			isa = PBXNativeTarget;
			buildConfigurationList = E117A7571C80AAFB00B00A28 /* Build configuration list for PBXNativeTarget "FormularioUITests" */;
			buildPhases = (
				E117A7471C80AAFB00B00A28 /* Sources */,
				E117A7481C80AAFB00B00A28 /* Frameworks */,
				E117A7491C80AAFB00B00A28 /* Resources */,
			);
			buildRules = (
			);
			dependencies = (
				E117A74D1C80AAFB00B00A28 /* PBXTargetDependency */,
			);
			name = FormularioUITests;
			productName = FormularioUITests;
			productReference = E117A74B1C80AAFB00B00A28 /* FormularioUITests.xctest */;
			productType = "com.apple.product-type.bundle.ui-testing";
		};
		E16291551C849B4B00FECC90 /* Formulario */ = {
			isa = PBXNativeTarget;
			buildConfigurationList = E162915F1C849B4B00FECC90 /* Build configuration list for PBXNativeTarget "Formulario" */;
			buildPhases = (
				E16291511C849B4B00FECC90 /* Sources */,
				E16291521C849B4B00FECC90 /* Frameworks */,
				E16291531C849B4B00FECC90 /* Headers */,
				E16291541C849B4B00FECC90 /* Resources */,
			);
			buildRules = (
			);
			dependencies = (
			);
			name = Formulario;
			productName = Formulario;
			productReference = E16291561C849B4B00FECC90 /* Formulario.framework */;
			productType = "com.apple.product-type.framework";
		};
/* End PBXNativeTarget section */

/* Begin PBXProject section */
		E117A72F1C80AAFB00B00A28 /* Project object */ = {
			isa = PBXProject;
			attributes = {
				LastSwiftUpdateCheck = 0720;
				LastUpgradeCheck = 0720;
				ORGANIZATIONNAME = alfare.it;
				TargetAttributes = {
					E117A7361C80AAFB00B00A28 = {
						CreatedOnToolsVersion = 7.2.1;
						DevelopmentTeam = 97GVFND44R;
					};
					E117A74A1C80AAFB00B00A28 = {
						CreatedOnToolsVersion = 7.2.1;
						TestTargetID = E117A7361C80AAFB00B00A28;
					};
					E16291551C849B4B00FECC90 = {
						CreatedOnToolsVersion = 7.2.1;
						DevelopmentTeam = 97GVFND44R;
					};
				};
			};
			buildConfigurationList = E117A7321C80AAFB00B00A28 /* Build configuration list for PBXProject "Formulario" */;
			compatibilityVersion = "Xcode 3.2";
			developmentRegion = English;
			hasScannedForEncodings = 0;
			knownRegions = (
				en,
				Base,
			);
			mainGroup = E117A72E1C80AAFB00B00A28;
			productRefGroup = E117A7381C80AAFB00B00A28 /* Products */;
			projectDirPath = "";
			projectRoot = "";
			targets = (
				E117A7361C80AAFB00B00A28 /* Formulario-Example */,
				E117A74A1C80AAFB00B00A28 /* FormularioUITests */,
				E16291551C849B4B00FECC90 /* Formulario */,
			);
		};
/* End PBXProject section */

/* Begin PBXResourcesBuildPhase section */
		E117A7351C80AAFB00B00A28 /* Resources */ = {
			isa = PBXResourcesBuildPhase;
			buildActionMask = 2147483647;
			files = (
				E117A7451C80AAFB00B00A28 /* LaunchScreen.storyboard in Resources */,
				E117A7421C80AAFB00B00A28 /* Assets.xcassets in Resources */,
				E117A7401C80AAFB00B00A28 /* Main.storyboard in Resources */,
			);
			runOnlyForDeploymentPostprocessing = 0;
		};
		E117A7491C80AAFB00B00A28 /* Resources */ = {
			isa = PBXResourcesBuildPhase;
			buildActionMask = 2147483647;
			files = (
			);
			runOnlyForDeploymentPostprocessing = 0;
		};
		E16291541C849B4B00FECC90 /* Resources */ = {
			isa = PBXResourcesBuildPhase;
			buildActionMask = 2147483647;
			files = (
			);
			runOnlyForDeploymentPostprocessing = 0;
		};
/* End PBXResourcesBuildPhase section */

/* Begin PBXSourcesBuildPhase section */
		E117A7331C80AAFB00B00A28 /* Sources */ = {
			isa = PBXSourcesBuildPhase;
			buildActionMask = 2147483647;
			files = (
				E1DEA9C41C843390001D0DF0 /* ViewController2.swift in Sources */,
				E117A73D1C80AAFB00B00A28 /* ViewController.swift in Sources */,
				E1DEA9C91C8438BE001D0DF0 /* CustomCell.swift in Sources */,
				E117A73B1C80AAFB00B00A28 /* AppDelegate.swift in Sources */,
			);
			runOnlyForDeploymentPostprocessing = 0;
		};
		E117A7471C80AAFB00B00A28 /* Sources */ = {
			isa = PBXSourcesBuildPhase;
			buildActionMask = 2147483647;
			files = (
				E117A7501C80AAFB00B00A28 /* FormularioUITests.swift in Sources */,
			);
			runOnlyForDeploymentPostprocessing = 0;
		};
		E16291511C849B4B00FECC90 /* Sources */ = {
			isa = PBXSourcesBuildPhase;
			buildActionMask = 2147483647;
			files = (
				E16291631C849B7F00FECC90 /* Formulario.swift in Sources */,
			);
			runOnlyForDeploymentPostprocessing = 0;
		};
/* End PBXSourcesBuildPhase section */

/* Begin PBXTargetDependency section */
		E117A74D1C80AAFB00B00A28 /* PBXTargetDependency */ = {
			isa = PBXTargetDependency;
			target = E117A7361C80AAFB00B00A28 /* Formulario-Example */;
			targetProxy = E117A74C1C80AAFB00B00A28 /* PBXContainerItemProxy */;
		};
		E16291681C84A6B400FECC90 /* PBXTargetDependency */ = {
			isa = PBXTargetDependency;
			target = E16291551C849B4B00FECC90 /* Formulario */;
			targetProxy = E16291671C84A6B400FECC90 /* PBXContainerItemProxy */;
		};
/* End PBXTargetDependency section */

/* Begin PBXVariantGroup section */
		E117A73E1C80AAFB00B00A28 /* Main.storyboard */ = {
			isa = PBXVariantGroup;
			children = (
				E117A73F1C80AAFB00B00A28 /* Base */,
			);
			name = Main.storyboard;
			sourceTree = "<group>";
		};
		E117A7431C80AAFB00B00A28 /* LaunchScreen.storyboard */ = {
			isa = PBXVariantGroup;
			children = (
				E117A7441C80AAFB00B00A28 /* Base */,
			);
			name = LaunchScreen.storyboard;
			sourceTree = "<group>";
		};
/* End PBXVariantGroup section */

/* Begin XCBuildConfiguration section */
		E117A7521C80AAFB00B00A28 /* Debug */ = {
			isa = XCBuildConfiguration;
			buildSettings = {
				ALWAYS_SEARCH_USER_PATHS = NO;
				CLANG_CXX_LANGUAGE_STANDARD = "gnu++0x";
				CLANG_CXX_LIBRARY = "libc++";
				CLANG_ENABLE_MODULES = YES;
				CLANG_ENABLE_OBJC_ARC = YES;
				CLANG_WARN_BOOL_CONVERSION = YES;
				CLANG_WARN_CONSTANT_CONVERSION = YES;
				CLANG_WARN_DIRECT_OBJC_ISA_USAGE = YES_ERROR;
				CLANG_WARN_EMPTY_BODY = YES;
				CLANG_WARN_ENUM_CONVERSION = YES;
				CLANG_WARN_INT_CONVERSION = YES;
				CLANG_WARN_OBJC_ROOT_CLASS = YES_ERROR;
				CLANG_WARN_UNREACHABLE_CODE = YES;
				CLANG_WARN__DUPLICATE_METHOD_MATCH = YES;
				"CODE_SIGN_IDENTITY[sdk=iphoneos*]" = "iPhone Developer";
				COPY_PHASE_STRIP = NO;
				DEBUG_INFORMATION_FORMAT = dwarf;
				ENABLE_STRICT_OBJC_MSGSEND = YES;
				ENABLE_TESTABILITY = YES;
				GCC_C_LANGUAGE_STANDARD = gnu99;
				GCC_DYNAMIC_NO_PIC = NO;
				GCC_NO_COMMON_BLOCKS = YES;
				GCC_OPTIMIZATION_LEVEL = 0;
				GCC_PREPROCESSOR_DEFINITIONS = (
					"DEBUG=1",
					"$(inherited)",
				);
				GCC_WARN_64_TO_32_BIT_CONVERSION = YES;
				GCC_WARN_ABOUT_RETURN_TYPE = YES_ERROR;
				GCC_WARN_UNDECLARED_SELECTOR = YES;
				GCC_WARN_UNINITIALIZED_AUTOS = YES_AGGRESSIVE;
				GCC_WARN_UNUSED_FUNCTION = YES;
				GCC_WARN_UNUSED_VARIABLE = YES;
				IPHONEOS_DEPLOYMENT_TARGET = 8.0;
				MTL_ENABLE_DEBUG_INFO = YES;
				ONLY_ACTIVE_ARCH = YES;
				SDKROOT = iphoneos;
				SWIFT_OPTIMIZATION_LEVEL = "-Onone";
			};
			name = Debug;
		};
		E117A7531C80AAFB00B00A28 /* Release */ = {
			isa = XCBuildConfiguration;
			buildSettings = {
				ALWAYS_SEARCH_USER_PATHS = NO;
				CLANG_CXX_LANGUAGE_STANDARD = "gnu++0x";
				CLANG_CXX_LIBRARY = "libc++";
				CLANG_ENABLE_MODULES = YES;
				CLANG_ENABLE_OBJC_ARC = YES;
				CLANG_WARN_BOOL_CONVERSION = YES;
				CLANG_WARN_CONSTANT_CONVERSION = YES;
				CLANG_WARN_DIRECT_OBJC_ISA_USAGE = YES_ERROR;
				CLANG_WARN_EMPTY_BODY = YES;
				CLANG_WARN_ENUM_CONVERSION = YES;
				CLANG_WARN_INT_CONVERSION = YES;
				CLANG_WARN_OBJC_ROOT_CLASS = YES_ERROR;
				CLANG_WARN_UNREACHABLE_CODE = YES;
				CLANG_WARN__DUPLICATE_METHOD_MATCH = YES;
				"CODE_SIGN_IDENTITY[sdk=iphoneos*]" = "iPhone Developer";
				COPY_PHASE_STRIP = NO;
				DEBUG_INFORMATION_FORMAT = "dwarf-with-dsym";
				ENABLE_NS_ASSERTIONS = NO;
				ENABLE_STRICT_OBJC_MSGSEND = YES;
				GCC_C_LANGUAGE_STANDARD = gnu99;
				GCC_NO_COMMON_BLOCKS = YES;
				GCC_WARN_64_TO_32_BIT_CONVERSION = YES;
				GCC_WARN_ABOUT_RETURN_TYPE = YES_ERROR;
				GCC_WARN_UNDECLARED_SELECTOR = YES;
				GCC_WARN_UNINITIALIZED_AUTOS = YES_AGGRESSIVE;
				GCC_WARN_UNUSED_FUNCTION = YES;
				GCC_WARN_UNUSED_VARIABLE = YES;
				IPHONEOS_DEPLOYMENT_TARGET = 8.0;
				MTL_ENABLE_DEBUG_INFO = NO;
				SDKROOT = iphoneos;
				VALIDATE_PRODUCT = YES;
			};
			name = Release;
		};
		E117A7551C80AAFB00B00A28 /* Debug */ = {
			isa = XCBuildConfiguration;
			buildSettings = {
				ASSETCATALOG_COMPILER_APPICON_NAME = AppIcon;
				CODE_SIGN_IDENTITY = "iPhone Developer";
				"CODE_SIGN_IDENTITY[sdk=iphoneos*]" = "iPhone Developer";
				INFOPLIST_FILE = Formulario/Info.plist;
				IPHONEOS_DEPLOYMENT_TARGET = 8.0;
				LD_RUNPATH_SEARCH_PATHS = "$(inherited) @executable_path/Frameworks";
				PRODUCT_BUNDLE_IDENTIFIER = "it.alfare.Formulario-Example";
				PRODUCT_NAME = "$(TARGET_NAME)";
				PROVISIONING_PROFILE = "";
			};
			name = Debug;
		};
		E117A7561C80AAFB00B00A28 /* Release */ = {
			isa = XCBuildConfiguration;
			buildSettings = {
				ASSETCATALOG_COMPILER_APPICON_NAME = AppIcon;
				CODE_SIGN_IDENTITY = "iPhone Developer";
				"CODE_SIGN_IDENTITY[sdk=iphoneos*]" = "iPhone Developer";
				INFOPLIST_FILE = Formulario/Info.plist;
				IPHONEOS_DEPLOYMENT_TARGET = 8.0;
				LD_RUNPATH_SEARCH_PATHS = "$(inherited) @executable_path/Frameworks";
				PRODUCT_BUNDLE_IDENTIFIER = "it.alfare.Formulario-Example";
				PRODUCT_NAME = "$(TARGET_NAME)";
				PROVISIONING_PROFILE = "";
			};
			name = Release;
		};
		E117A7581C80AAFB00B00A28 /* Debug */ = {
			isa = XCBuildConfiguration;
			buildSettings = {
				INFOPLIST_FILE = FormularioUITests/Info.plist;
				LD_RUNPATH_SEARCH_PATHS = "$(inherited) @executable_path/Frameworks @loader_path/Frameworks";
				PRODUCT_BUNDLE_IDENTIFIER = it.alfare.FormularioUITests;
				PRODUCT_NAME = "$(TARGET_NAME)";
				TEST_TARGET_NAME = Formulario;
				USES_XCTRUNNER = YES;
			};
			name = Debug;
		};
		E117A7591C80AAFB00B00A28 /* Release */ = {
			isa = XCBuildConfiguration;
			buildSettings = {
				INFOPLIST_FILE = FormularioUITests/Info.plist;
				LD_RUNPATH_SEARCH_PATHS = "$(inherited) @executable_path/Frameworks @loader_path/Frameworks";
				PRODUCT_BUNDLE_IDENTIFIER = it.alfare.FormularioUITests;
				PRODUCT_NAME = "$(TARGET_NAME)";
				TEST_TARGET_NAME = Formulario;
				USES_XCTRUNNER = YES;
			};
			name = Release;
		};
		E16291601C849B4B00FECC90 /* Debug */ = {
			isa = XCBuildConfiguration;
			buildSettings = {
				CODE_SIGN_IDENTITY = "iPhone Developer";
				CURRENT_PROJECT_VERSION = 1;
				DEFINES_MODULE = YES;
				DYLIB_COMPATIBILITY_VERSION = 1;
				DYLIB_CURRENT_VERSION = 1;
				DYLIB_INSTALL_NAME_BASE = "@rpath";
				INFOPLIST_FILE = Formulario/Info.plist;
				INSTALL_PATH = "$(LOCAL_LIBRARY_DIR)/Frameworks";
				IPHONEOS_DEPLOYMENT_TARGET = 8.0;
				LD_RUNPATH_SEARCH_PATHS = "$(inherited) @executable_path/Frameworks @loader_path/Frameworks";
				PRODUCT_BUNDLE_IDENTIFIER = it.alfare.Formulario;
				PRODUCT_NAME = "$(TARGET_NAME)";
				SKIP_INSTALL = YES;
				TARGETED_DEVICE_FAMILY = "1,2";
				VERSIONING_SYSTEM = "apple-generic";
				VERSION_INFO_PREFIX = "";
			};
			name = Debug;
		};
		E16291611C849B4B00FECC90 /* Release */ = {
			isa = XCBuildConfiguration;
			buildSettings = {
				CODE_SIGN_IDENTITY = "iPhone Developer";
				CURRENT_PROJECT_VERSION = 1;
				DEFINES_MODULE = YES;
				DYLIB_COMPATIBILITY_VERSION = 1;
				DYLIB_CURRENT_VERSION = 1;
				DYLIB_INSTALL_NAME_BASE = "@rpath";
				INFOPLIST_FILE = Formulario/Info.plist;
				INSTALL_PATH = "$(LOCAL_LIBRARY_DIR)/Frameworks";
				IPHONEOS_DEPLOYMENT_TARGET = 8.0;
				LD_RUNPATH_SEARCH_PATHS = "$(inherited) @executable_path/Frameworks @loader_path/Frameworks";
				PRODUCT_BUNDLE_IDENTIFIER = it.alfare.Formulario;
				PRODUCT_NAME = "$(TARGET_NAME)";
				SKIP_INSTALL = YES;
				TARGETED_DEVICE_FAMILY = "1,2";
				VERSIONING_SYSTEM = "apple-generic";
				VERSION_INFO_PREFIX = "";
			};
			name = Release;
		};
/* End XCBuildConfiguration section */

/* Begin XCConfigurationList section */
		E117A7321C80AAFB00B00A28 /* Build configuration list for PBXProject "Formulario" */ = {
			isa = XCConfigurationList;
			buildConfigurations = (
				E117A7521C80AAFB00B00A28 /* Debug */,
				E117A7531C80AAFB00B00A28 /* Release */,
			);
			defaultConfigurationIsVisible = 0;
			defaultConfigurationName = Release;
		};
		E117A7541C80AAFB00B00A28 /* Build configuration list for PBXNativeTarget "Formulario-Example" */ = {
			isa = XCConfigurationList;
			buildConfigurations = (
				E117A7551C80AAFB00B00A28 /* Debug */,
				E117A7561C80AAFB00B00A28 /* Release */,
			);
			defaultConfigurationIsVisible = 0;
			defaultConfigurationName = Release;
		};
		E117A7571C80AAFB00B00A28 /* Build configuration list for PBXNativeTarget "FormularioUITests" */ = {
			isa = XCConfigurationList;
			buildConfigurations = (
				E117A7581C80AAFB00B00A28 /* Debug */,
				E117A7591C80AAFB00B00A28 /* Release */,
			);
			defaultConfigurationIsVisible = 0;
			defaultConfigurationName = Release;
		};
		E162915F1C849B4B00FECC90 /* Build configuration list for PBXNativeTarget "Formulario" */ = {
			isa = XCConfigurationList;
			buildConfigurations = (
				E16291601C849B4B00FECC90 /* Debug */,
				E16291611C849B4B00FECC90 /* Release */,
			);
			defaultConfigurationIsVisible = 0;
			defaultConfigurationName = Release;
		};
/* End XCConfigurationList section */
	};
	rootObject = E117A72F1C80AAFB00B00A28 /* Project object */;
}
